NeoBundleLock caw.vim 8b21e9abae22ccc850a8709b52dbf3939dbae864
NeoBundleLock context_filetype.vim d2e0ad013298111cfed7805f6b4c9fad5ef6d20a
NeoBundleLock cpp-vim bc7fe9e3ead0be6a6fe3a8f2871b454051365337
NeoBundleLock ctrlp.vim 7f74368d85bb521951dd58123349ce66b947d058
NeoBundleLock ghcmod-vim 815616e8b7d64677d6092e95bc6a3e83d2e035d4
NeoBundleLock neco-ghc a7b3dc018dff0cbe033c4c3939e1bd777f023083
NeoBundleLock neco-look bab1eb45880fb3bfef7e34bfd4dbaab67879c85c
NeoBundleLock neobundle.vim cfbbde55a6b64251a7edec37f114bde614113613
NeoBundleLock neocomplete.vim fe8aa93a8a6030af3d208f2ecc92096cb3d52693
NeoBundleLock neoinclude.vim 5283eda98e729f090e64c9bfae676215c7d24336
NeoBundleLock ref-hoogle 61e1b1c8bbfd1f7c9e3b8e849ff7100e5dcf7436
NeoBundleLock shabadou.vim c5af30bb0c028d53cfd89e00cab636c844034a9a
NeoBundleLock unite-haskellimport 2e1b975b2679b1a50be6add27587848a8218b396
NeoBundleLock unite.vim f53e148f3aab6265fd8c411c4cee92ff826538a5
NeoBundleLock vim-clang 8740c5e7196146bdabf8ba9a7b5bf1a28e46742b
NeoBundleLock vim-filetype-haskell 31b40b0961974067de569df7a7458498e4de5775
NeoBundleLock vim-hier ad47fe2dbe2b165efc302699c0122ec04e3f414e
NeoBundleLock vim-quickrun ac9f4be0698dffb30ebdf284f8ba5abbaab5eaca
NeoBundleLock vim-ref 007b0ac409100cf2b83eb7dace5c8235e3737fef
NeoBundleLock vim-snowdrop b18cf5432c7c1e656a3f1e0f6bd1a77ac4a140e3
NeoBundleLock vim-watchdogs ebcf3df39007aa5d65910f44eb20c9caea9007df
NeoBundleLock vim2hs f2afd55704bfe0a2d66e6b270d247e9b8a7b1664
NeoBundleLock vimproc 78cbb5c683026085de133f160929ccc56a6b203a
